
Microsoft Visual Studio Solution File, Format Version 12.00
# Visual Studio Version 17
VisualStudioVersion = 17.2.32505.173
MinimumVisualStudioVersion = 10.0.40219.1
Project("{FAE04EC0-301F-11D3-BF4B-00C04F79EFBC}") = "HostelXyZ.UWP", "HostelXyZ\HostelXyZ.UWP\HostelXyZ.UWP.csproj", "{76AEBA75-0570-41FB-BDA4-DC41ED115085}"
EndProject
Project("{FAE04EC0-301F-11D3-BF4B-00C04F79EFBC}") = "HostelXyZ.Android", "HostelXyZ\HostelXyZ.Android\HostelXyZ.Android.csproj", "{3C5D2BAD-4A34-42CB-82DE-0718ABA145ED}"
EndProject
Project("{FAE04EC0-301F-11D3-BF4B-00C04F79EFBC}") = "HostelXyZ.iOS", "HostelXyZ\HostelXyZ.iOS\HostelXyZ.iOS.csproj", "{CF9B0E75-5FCD-4D24-A311-96E2B31E37CA}"
EndProject
Project("{FAE04EC0-301F-11D3-BF4B-00C04F79EFBC}") = "HostelXyZ", "HostelXyZ\HostelXyZ\HostelXyZ.csproj", "{9B54C14B-4ECD-4033-9EB7-319C54090F25}"
EndProject
Global
	GlobalSection(SolutionConfigurationPlatforms) = preSolution
		Debug|Any CPU = Debug|Any CPU
		Debug|ARM = Debug|ARM
		Debug|iPhone = Debug|iPhone
		Debug|iPhoneSimulator = Debug|iPhoneSimulator
		Debug|x64 = Debug|x64
		Debug|x86 = Debug|x86
		Release|Any CPU = Release|Any CPU
		Release|ARM = Release|ARM
		Release|iPhone = Release|iPhone
		Release|iPhoneSimulator = Release|iPhoneSimulator
		Release|x64 = Release|x64
		Release|x86 = Release|x86
	EndGlobalSection
	GlobalSection(ProjectConfigurationPlatforms) = postSolution
		{76AEBA75-0570-41FB-BDA4-DC41ED115085}.Debug|Any CPU.ActiveCfg = Debug|x64
		{76AEBA75-0570-41FB-BDA4-DC41ED115085}.Debug|Any CPU.Build.0 = Debug|x64
		{76AEBA75-0570-41FB-BDA4-DC41ED115085}.Debug|Any CPU.Deploy.0 = Debug|x64
		{76AEBA75-0570-41FB-BDA4-DC41ED115085}.Debug|ARM.ActiveCfg = Debug|ARM
		{76AEBA75-0570-41FB-BDA4-DC41ED115085}.Debug|ARM.Build.0 = Debug|ARM
		{76AEBA75-0570-41FB-BDA4-DC41ED115085}.Debug|ARM.Deploy.0 = Debug|ARM
		{76AEBA75-0570-41FB-BDA4-DC41ED115085}.Debug|iPhone.ActiveCfg = Debug|x64
		{76AEBA75-0570-41FB-BDA4-DC41ED115085}.Debug|iPhone.Build.0 = Debug|x64
		{76AEBA75-0570-41FB-BDA4-DC41ED115085}.Debug|iPhone.Deploy.0 = Debug|x64
		{76AEBA75-0570-41FB-BDA4-DC41ED115085}.Debug|iPhoneSimulator.ActiveCfg = Debug|x64
		{76AEBA75-0570-41FB-BDA4-DC41ED115085}.Debug|iPhoneSimulator.Build.0 = Debug|x64
		{76AEBA75-0570-41FB-BDA4-DC41ED115085}.Debug|iPhoneSimulator.Deploy.0 = Debug|x64
		{76AEBA75-0570-41FB-BDA4-DC41ED115085}.Debug|x64.ActiveCfg = Debug|x64
		{76AEBA75-0570-41FB-BDA4-DC41ED115085}.Debug|x64.Build.0 = Debug|x64
		{76AEBA75-0570-41FB-BDA4-DC41ED115085}.Debug|x64.Deploy.0 = Debug|x64
		{76AEBA75-0570-41FB-BDA4-DC41ED115085}.Debug|x86.ActiveCfg = Debug|x86
		{76AEBA75-0570-41FB-BDA4-DC41ED115085}.Debug|x86.Build.0 = Debug|x86
		{76AEBA75-0570-41FB-BDA4-DC41ED115085}.Debug|x86.Deploy.0 = Debug|x86
		{76AEBA75-0570-41FB-BDA4-DC41ED115085}.Release|Any CPU.ActiveCfg = Release|x64
		{76AEBA75-0570-41FB-BDA4-DC41ED115085}.Release|Any CPU.Build.0 = Release|x64
		{76AEBA75-0570-41FB-BDA4-DC41ED115085}.Release|Any CPU.Deploy.0 = Release|x64
		{76AEBA75-0570-41FB-BDA4-DC41ED115085}.Release|ARM.ActiveCfg = Release|ARM
		{76AEBA75-0570-41FB-BDA4-DC41ED115085}.Release|ARM.Build.0 = Release|ARM
		{76AEBA75-0570-41FB-BDA4-DC41ED115085}.Release|ARM.Deploy.0 = Release|ARM
		{76AEBA75-0570-41FB-BDA4-DC41ED115085}.Release|iPhone.ActiveCfg = Release|x64
		{76AEBA75-0570-41FB-BDA4-DC41ED115085}.Release|iPhone.Build.0 = Release|x64
		{76AEBA75-0570-41FB-BDA4-DC41ED115085}.Release|iPhone.Deploy.0 = Release|x64
		{76AEBA75-0570-41FB-BDA4-DC41ED115085}.Release|iPhoneSimulator.ActiveCfg = Release|x64
		{76AEBA75-0570-41FB-BDA4-DC41ED115085}.Release|iPhoneSimulator.Build.0 = Release|x64
		{76AEBA75-0570-41FB-BDA4-DC41ED115085}.Release|iPhoneSimulator.Deploy.0 = Release|x64
		{76AEBA75-0570-41FB-BDA4-DC41ED115085}.Release|x64.ActiveCfg = Release|x64
		{76AEBA75-0570-41FB-BDA4-DC41ED115085}.Release|x64.Build.0 = Release|x64
		{76AEBA75-0570-41FB-BDA4-DC41ED115085}.Release|x64.Deploy.0 = Release|x64
		{76AEBA75-0570-41FB-BDA4-DC41ED115085}.Release|x86.ActiveCfg = Release|x86
		{76AEBA75-0570-41FB-BDA4-DC41ED115085}.Release|x86.Build.0 = Release|x86
		{76AEBA75-0570-41FB-BDA4-DC41ED115085}.Release|x86.Deploy.0 = Release|x86
		{3C5D2BAD-4A34-42CB-82DE-0718ABA145ED}.Debug|Any CPU.ActiveCfg = Debug|Any CPU
		{3C5D2BAD-4A34-42CB-82DE-0718ABA145ED}.Debug|Any CPU.Build.0 = Debug|Any CPU
		{3C5D2BAD-4A34-42CB-82DE-0718ABA145ED}.Debug|Any CPU.Deploy.0 = Debug|Any CPU
		{3C5D2BAD-4A34-42CB-82DE-0718ABA145ED}.Debug|ARM.ActiveCfg = Debug|Any CPU
		{3C5D2BAD-4A34-42CB-82DE-0718ABA145ED}.Debug|ARM.Build.0 = Debug|Any CPU
		{3C5D2BAD-4A34-42CB-82DE-0718ABA145ED}.Debug|ARM.Deploy.0 = Debug|Any CPU
		{3C5D2BAD-4A34-42CB-82DE-0718ABA145ED}.Debug|iPhone.ActiveCfg = Debug|Any CPU
		{3C5D2BAD-4A34-42CB-82DE-0718ABA145ED}.Debug|iPhone.Build.0 = Debug|Any CPU
		{3C5D2BAD-4A34-42CB-82DE-0718ABA145ED}.Debug|iPhone.Deploy.0 = Debug|Any CPU
		{3C5D2BAD-4A34-42CB-82DE-0718ABA145ED}.Debug|iPhoneSimulator.ActiveCfg = Debug|Any CPU
		{3C5D2BAD-4A34-42CB-82DE-0718ABA145ED}.Debug|iPhoneSimulator.Build.0 = Debug|Any CPU
		{3C5D2BAD-4A34-42CB-82DE-0718ABA145ED}.Debug|iPhoneSimulator.Deploy.0 = Debug|Any CPU
		{3C5D2BAD-4A34-42CB-82DE-0718ABA145ED}.Debug|x64.ActiveCfg = Debug|Any CPU
		{3C5D2BAD-4A34-42CB-82DE-0718ABA145ED}.Debug|x64.Build.0 = Debug|Any CPU
		{3C5D2BAD-4A34-42CB-82DE-0718ABA145ED}.Debug|x64.Deploy.0 = Debug|Any CPU
		{3C5D2BAD-4A34-42CB-82DE-0718ABA145ED}.Debug|x86.ActiveCfg = Debug|Any CPU
		{3C5D2BAD-4A34-42CB-82DE-0718ABA145ED}.Debug|x86.Build.0 = Debug|Any CPU
		{3C5D2BAD-4A34-42CB-82DE-0718ABA145ED}.Debug|x86.Deploy.0 = Debug|Any CPU
		{3C5D2BAD-4A34-42CB-82DE-0718ABA145ED}.Release|Any CPU.ActiveCfg = Release|Any CPU
		{3C5D2BAD-4A34-42CB-82DE-0718ABA145ED}.Release|Any CPU.Build.0 = Release|Any CPU
		{3C5D2BAD-4A34-42CB-82DE-0718ABA145ED}.Release|Any CPU.Deploy.0 = Release|Any CPU
		{3C5D2BAD-4A34-42CB-82DE-0718ABA145ED}.Release|ARM.ActiveCfg = Release|Any CPU
		{3C5D2BAD-4A34-42CB-82DE-0718ABA145ED}.Release|ARM.Build.0 = Release|Any CPU
		{3C5D2BAD-4A34-42CB-82DE-0718ABA145ED}.Release|ARM.Deploy.0 = Release|Any CPU
		{3C5D2BAD-4A34-42CB-82DE-0718ABA145ED}.Release|iPhone.ActiveCfg = Release|Any CPU
		{3C5D2BAD-4A34-42CB-82DE-0718ABA145ED}.Release|iPhone.Build.0 = Release|Any CPU
		{3C5D2BAD-4A34-42CB-82DE-0718ABA145ED}.Release|iPhone.Deploy.0 = Release|Any CPU
		{3C5D2BAD-4A34-42CB-82DE-0718ABA145ED}.Release|iPhoneSimulator.ActiveCfg = Release|Any CPU
		{3C5D2BAD-4A34-42CB-82DE-0718ABA145ED}.Release|iPhoneSimulator.Build.0 = Release|Any CPU
		{3C5D2BAD-4A34-42CB-82DE-0718ABA145ED}.Release|iPhoneSimulator.Deploy.0 = Release|Any CPU
		{3C5D2BAD-4A34-42CB-82DE-0718ABA145ED}.Release|x64.ActiveCfg = Release|Any CPU
		{3C5D2BAD-4A34-42CB-82DE-0718ABA145ED}.Release|x64.Build.0 = Release|Any CPU
		{3C5D2BAD-4A34-42CB-82DE-0718ABA145ED}.Release|x64.Deploy.0 = Release|Any CPU
		{3C5D2BAD-4A34-42CB-82DE-0718ABA145ED}.Release|x86.ActiveCfg = Release|Any CPU
		{3C5D2BAD-4A34-42CB-82DE-0718ABA145ED}.Release|x86.Build.0 = Release|Any CPU
		{3C5D2BAD-4A34-42CB-82DE-0718ABA145ED}.Release|x86.Deploy.0 = Release|Any CPU
		{CF9B0E75-5FCD-4D24-A311-96E2B31E37CA}.Debug|Any CPU.ActiveCfg = Debug|iPhoneSimulator
		{CF9B0E75-5FCD-4D24-A311-96E2B31E37CA}.Debug|Any CPU.Build.0 = Debug|iPhoneSimulator
		{CF9B0E75-5FCD-4D24-A311-96E2B31E37CA}.Debug|Any CPU.Deploy.0 = Debug|iPhoneSimulator
		{CF9B0E75-5FCD-4D24-A311-96E2B31E37CA}.Debug|ARM.ActiveCfg = Debug|iPhoneSimulator
		{CF9B0E75-5FCD-4D24-A311-96E2B31E37CA}.Debug|ARM.Build.0 = Debug|iPhoneSimulator
		{CF9B0E75-5FCD-4D24-A311-96E2B31E37CA}.Debug|ARM.Deploy.0 = Debug|iPhoneSimulator
		{CF9B0E75-5FCD-4D24-A311-96E2B31E37CA}.Debug|iPhone.ActiveCfg = Debug|iPhone
		{CF9B0E75-5FCD-4D24-A311-96E2B31E37CA}.Debug|iPhone.Build.0 = Debug|iPhone
		{CF9B0E75-5FCD-4D24-A311-96E2B31E37CA}.Debug|iPhone.Deploy.0 = Debug|iPhone
		{CF9B0E75-5FCD-4D24-A311-96E2B31E37CA}.Debug|iPhoneSimulator.ActiveCfg = Debug|iPhoneSimulator
		{CF9B0E75-5FCD-4D24-A311-96E2B31E37CA}.Debug|iPhoneSimulator.Build.0 = Debug|iPhoneSimulator
		{CF9B0E75-5FCD-4D24-A311-96E2B31E37CA}.Debug|iPhoneSimulator.Deploy.0 = Debug|iPhoneSimulator
		{CF9B0E75-5FCD-4D24-A311-96E2B31E37CA}.Debug|x64.ActiveCfg = Debug|iPhone
		{CF9B0E75-5FCD-4D24-A311-96E2B31E37CA}.Debug|x64.Build.0 = Debug|iPhone
		{CF9B0E75-5FCD-4D24-A311-96E2B31E37CA}.Debug|x64.Deploy.0 = Debug|iPhone
		{CF9B0E75-5FCD-4D24-A311-96E2B31E37CA}.Debug|x86.ActiveCfg = Debug|iPhoneSimulator
		{CF9B0E75-5FCD-4D24-A311-96E2B31E37CA}.Debug|x86.Build.0 = Debug|iPhoneSimulator
		{CF9B0E75-5FCD-4D24-A311-96E2B31E37CA}.Debug|x86.Deploy.0 = Debug|iPhoneSimulator
		{CF9B0E75-5FCD-4D24-A311-96E2B31E37CA}.Release|Any CPU.ActiveCfg = Release|iPhoneSimulator
		{CF9B0E75-5FCD-4D24-A311-96E2B31E37CA}.Release|Any CPU.Build.0 = Release|iPhoneSimulator
		{CF9B0E75-5FCD-4D24-A311-96E2B31E37CA}.Release|Any CPU.Deploy.0 = Release|iPhoneSimulator
		{CF9B0E75-5FCD-4D24-A311-96E2B31E37CA}.Release|ARM.ActiveCfg = Release|iPhoneSimulator
		{CF9B0E75-5FCD-4D24-A311-96E2B31E37CA}.Release|ARM.Build.0 = Release|iPhoneSimulator
		{CF9B0E75-5FCD-4D24-A311-96E2B31E37CA}.Release|ARM.Deploy.0 = Release|iPhoneSimulator
		{CF9B0E75-5FCD-4D24-A311-96E2B31E37CA}.Release|iPhone.ActiveCfg = Release|iPhone
		{CF9B0E75-5FCD-4D24-A311-96E2B31E37CA}.Release|iPhone.Build.0 = Release|iPhone
		{CF9B0E75-5FCD-4D24-A311-96E2B31E37CA}.Release|iPhone.Deploy.0 = Release|iPhone
		{CF9B0E75-5FCD-4D24-A311-96E2B31E37CA}.Release|iPhoneSimulator.ActiveCfg = Release|iPhoneSimulator
		{CF9B0E75-5FCD-4D24-A311-96E2B31E37CA}.Release|iPhoneSimulator.Build.0 = Release|iPhoneSimulator
		{CF9B0E75-5FCD-4D24-A311-96E2B31E37CA}.Release|iPhoneSimulator.Deploy.0 = Release|iPhoneSimulator
		{CF9B0E75-5FCD-4D24-A311-96E2B31E37CA}.Release|x64.ActiveCfg = Release|iPhoneSimulator
		{CF9B0E75-5FCD-4D24-A311-96E2B31E37CA}.Release|x64.Build.0 = Release|iPhoneSimulator
		{CF9B0E75-5FCD-4D24-A311-96E2B31E37CA}.Release|x64.Deploy.0 = Release|iPhoneSimulator
		{CF9B0E75-5FCD-4D24-A311-96E2B31E37CA}.Release|x86.ActiveCfg = Release|iPhoneSimulator
		{CF9B0E75-5FCD-4D24-A311-96E2B31E37CA}.Release|x86.Build.0 = Release|iPhoneSimulator
		{CF9B0E75-5FCD-4D24-A311-96E2B31E37CA}.Release|x86.Deploy.0 = Release|iPhoneSimulator
		{9B54C14B-4ECD-4033-9EB7-319C54090F25}.Debug|Any CPU.ActiveCfg = Debug|Any CPU
		{9B54C14B-4ECD-4033-9EB7-319C54090F25}.Debug|Any CPU.Build.0 = Debug|Any CPU
		{9B54C14B-4ECD-4033-9EB7-319C54090F25}.Debug|Any CPU.Deploy.0 = Debug|Any CPU
		{9B54C14B-4ECD-4033-9EB7-319C54090F25}.Debug|ARM.ActiveCfg = Debug|Any CPU
		{9B54C14B-4ECD-4033-9EB7-319C54090F25}.Debug|ARM.Build.0 = Debug|Any CPU
		{9B54C14B-4ECD-4033-9EB7-319C54090F25}.Debug|ARM.Deploy.0 = Debug|Any CPU
		{9B54C14B-4ECD-4033-9EB7-319C54090F25}.Debug|iPhone.ActiveCfg = Debug|Any CPU
		{9B54C14B-4ECD-4033-9EB7-319C54090F25}.Debug|iPhone.Build.0 = Debug|Any CPU
		{9B54C14B-4ECD-4033-9EB7-319C54090F25}.Debug|iPhone.Deploy.0 = Debug|Any CPU
		{9B54C14B-4ECD-4033-9EB7-319C54090F25}.Debug|iPhoneSimulator.ActiveCfg = Debug|Any CPU
		{9B54C14B-4ECD-4033-9EB7-319C54090F25}.Debug|iPhoneSimulator.Build.0 = Debug|Any CPU
		{9B54C14B-4ECD-4033-9EB7-319C54090F25}.Debug|iPhoneSimulator.Deploy.0 = Debug|Any CPU
		{9B54C14B-4ECD-4033-9EB7-319C54090F25}.Debug|x64.ActiveCfg = Debug|Any CPU
		{9B54C14B-4ECD-4033-9EB7-319C54090F25}.Debug|x64.Build.0 = Debug|Any CPU
		{9B54C14B-4ECD-4033-9EB7-319C54090F25}.Debug|x64.Deploy.0 = Debug|Any CPU
		{9B54C14B-4ECD-4033-9EB7-319C54090F25}.Debug|x86.ActiveCfg = Debug|Any CPU
		{9B54C14B-4ECD-4033-9EB7-319C54090F25}.Debug|x86.Build.0 = Debug|Any CPU
		{9B54C14B-4ECD-4033-9EB7-319C54090F25}.Debug|x86.Deploy.0 = Debug|Any CPU
		{9B54C14B-4ECD-4033-9EB7-319C54090F25}.Release|Any CPU.ActiveCfg = Release|Any CPU
		{9B54C14B-4ECD-4033-9EB7-319C54090F25}.Release|Any CPU.Build.0 = Release|Any CPU
		{9B54C14B-4ECD-4033-9EB7-319C54090F25}.Release|Any CPU.Deploy.0 = Release|Any CPU
		{9B54C14B-4ECD-4033-9EB7-319C54090F25}.Release|ARM.ActiveCfg = Release|Any CPU
		{9B54C14B-4ECD-4033-9EB7-319C54090F25}.Release|ARM.Build.0 = Release|Any CPU
		{9B54C14B-4ECD-4033-9EB7-319C54090F25}.Release|ARM.Deploy.0 = Release|Any CPU
		{9B54C14B-4ECD-4033-9EB7-319C54090F25}.Release|iPhone.ActiveCfg = Release|Any CPU
		{9B54C14B-4ECD-4033-9EB7-319C54090F25}.Release|iPhone.Build.0 = Release|Any CPU
		{9B54C14B-4ECD-4033-9EB7-319C54090F25}.Release|iPhone.Deploy.0 = Release|Any CPU
		{9B54C14B-4ECD-4033-9EB7-319C54090F25}.Release|iPhoneSimulator.ActiveCfg = Release|Any CPU
		{9B54C14B-4ECD-4033-9EB7-319C54090F25}.Release|iPhoneSimulator.Build.0 = Release|Any CPU
		{9B54C14B-4ECD-4033-9EB7-319C54090F25}.Release|iPhoneSimulator.Deploy.0 = Release|Any CPU
		{9B54C14B-4ECD-4033-9EB7-319C54090F25}.Release|x64.ActiveCfg = Release|Any CPU
		{9B54C14B-4ECD-4033-9EB7-319C54090F25}.Release|x64.Build.0 = Release|Any CPU
		{9B54C14B-4ECD-4033-9EB7-319C54090F25}.Release|x64.Deploy.0 = Release|Any CPU
		{9B54C14B-4ECD-4033-9EB7-319C54090F25}.Release|x86.ActiveCfg = Release|Any CPU
		{9B54C14B-4ECD-4033-9EB7-319C54090F25}.Release|x86.Build.0 = Release|Any CPU
		{9B54C14B-4ECD-4033-9EB7-319C54090F25}.Release|x86.Deploy.0 = Release|Any CPU
	EndGlobalSection
	GlobalSection(SolutionProperties) = preSolution
		HideSolutionNode = FALSE
	EndGlobalSection
	GlobalSection(ExtensibilityGlobals) = postSolution
		SolutionGuid = {7B07463B-EE31-4614-998F-A00A98D3B18D}
	EndGlobalSection
EndGlobal
